// !$*UTF8*$!
{
	archiveVersion = 1;
	classes = {
	};
	objectVersion = 56;
	objects = {

/* Begin PBXBuildFile section */
		41DD58FF2C183C4A00EBAD5A /* CoreData_TodoApp.swift in Sources */ = {isa = PBXBuildFile; fileRef = 41DD58FE2C183C4A00EBAD5A /* CoreData_TodoApp.swift */; };
		41DD59012C183C4A00EBAD5A /* ContentView.swift in Sources */ = {isa = PBXBuildFile; fileRef = 41DD59002C183C4A00EBAD5A /* ContentView.swift */; };
		41DD59032C183C4B00EBAD5A /* Assets.xcassets in Resources */ = {isa = PBXBuildFile; fileRef = 41DD59022C183C4B00EBAD5A /* Assets.xcassets */; };
		41DD59062C183C4B00EBAD5A /* Preview Assets.xcassets in Resources */ = {isa = PBXBuildFile; fileRef = 41DD59052C183C4B00EBAD5A /* Preview Assets.xcassets */; };
		41DD59082C183C4B00EBAD5A /* Persistence.swift in Sources */ = {isa = PBXBuildFile; fileRef = 41DD59072C183C4B00EBAD5A /* Persistence.swift */; };
		41DD590B2C183C4B00EBAD5A /* CoreData_Todo.xcdatamodeld in Sources */ = {isa = PBXBuildFile; fileRef = 41DD59092C183C4B00EBAD5A /* CoreData_Todo.xcdatamodeld */; };
		41DD59152C183C4B00EBAD5A /* CoreData_TodoTests.swift in Sources */ = {isa = PBXBuildFile; fileRef = 41DD59142C183C4B00EBAD5A /* CoreData_TodoTests.swift */; };
		41DD591F2C183C4B00EBAD5A /* CoreData_TodoUITests.swift in Sources */ = {isa = PBXBuildFile; fileRef = 41DD591E2C183C4B00EBAD5A /* CoreData_TodoUITests.swift */; };
		41DD59212C183C4B00EBAD5A /* CoreData_TodoUITestsLaunchTests.swift in Sources */ = {isa = PBXBuildFile; fileRef = 41DD59202C183C4B00EBAD5A /* CoreData_TodoUITestsLaunchTests.swift */; };
/* End PBXBuildFile section */

/* Begin PBXContainerItemProxy section */
		41DD59112C183C4B00EBAD5A /* PBXContainerItemProxy */ = {
			isa = PBXContainerItemProxy;
			containerPortal = 41DD58F32C183C4A00EBAD5A /* Project object */;
			proxyType = 1;
			remoteGlobalIDString = 41DD58FA2C183C4A00EBAD5A;
			remoteInfo = "CoreData-Todo";
		};
		41DD591B2C183C4B00EBAD5A /* PBXContainerItemProxy */ = {
			isa = PBXContainerItemProxy;
			containerPortal = 41DD58F32C183C4A00EBAD5A /* Project object */;
			proxyType = 1;
			remoteGlobalIDString = 41DD58FA2C183C4A00EBAD5A;
			remoteInfo = "CoreData-Todo";
		};
/* End PBXContainerItemProxy section */

/* Begin PBXFileReference section */
		41DD58FB2C183C4A00EBAD5A /* CoreData-Todo.app */ = {isa = PBXFileReference; explicitFileType = wrapper.application; includeInIndex = 0; path = "CoreData-Todo.app"; sourceTree = BUILT_PRODUCTS_DIR; };
		41DD58FE2C183C4A00EBAD5A /* CoreData_TodoApp.swift */ = {isa = PBXFileReference; lastKnownFileType = sourcecode.swift; path = CoreData_TodoApp.swift; sourceTree = "<group>"; };
		41DD59002C183C4A00EBAD5A /* ContentView.swift */ = {isa = PBXFileReference; lastKnownFileType = sourcecode.swift; path = ContentView.swift; sourceTree = "<group>"; };
		41DD59022C183C4B00EBAD5A /* Assets.xcassets */ = {isa = PBXFileReference; lastKnownFileType = folder.assetcatalog; path = Assets.xcassets; sourceTree = "<group>"; };
		41DD59052C183C4B00EBAD5A /* Preview Assets.xcassets */ = {isa = PBXFileReference; lastKnownFileType = folder.assetcatalog; path = "Preview Assets.xcassets"; sourceTree = "<group>"; };
		41DD59072C183C4B00EBAD5A /* Persistence.swift */ = {isa = PBXFileReference; lastKnownFileType = sourcecode.swift; path = Persistence.swift; sourceTree = "<group>"; };
		41DD590A2C183C4B00EBAD5A /* CoreData_Todo.xcdatamodel */ = {isa = PBXFileReference; lastKnownFileType = wrapper.xcdatamodel; path = CoreData_Todo.xcdatamodel; sourceTree = "<group>"; };
		41DD59102C183C4B00EBAD5A /* CoreData-TodoTests.xctest */ = {isa = PBXFileReference; explicitFileType = wrapper.cfbundle; includeInIndex = 0; path = "CoreData-TodoTests.xctest"; sourceTree = BUILT_PRODUCTS_DIR; };
		41DD59142C183C4B00EBAD5A /* CoreData_TodoTests.swift */ = {isa = PBXFileReference; lastKnownFileType = sourcecode.swift; path = CoreData_TodoTests.swift; sourceTree = "<group>"; };
		41DD591A2C183C4B00EBAD5A /* CoreData-TodoUITests.xctest */ = {isa = PBXFileReference; explicitFileType = wrapper.cfbundle; includeInIndex = 0; path = "CoreData-TodoUITests.xctest"; sourceTree = BUILT_PRODUCTS_DIR; };
		41DD591E2C183C4B00EBAD5A /* CoreData_TodoUITests.swift */ = {isa = PBXFileReference; lastKnownFileType = sourcecode.swift; path = CoreData_TodoUITests.swift; sourceTree = "<group>"; };
		41DD59202C183C4B00EBAD5A /* CoreData_TodoUITestsLaunchTests.swift */ = {isa = PBXFileReference; lastKnownFileType = sourcecode.swift; path = CoreData_TodoUITestsLaunchTests.swift; sourceTree = "<group>"; };
/* End PBXFileReference section */

/* Begin PBXFrameworksBuildPhase section */
		41DD58F82C183C4A00EBAD5A /* Frameworks */ = {
			isa = PBXFrameworksBuildPhase;
			buildActionMask = 2147483647;
			files = (
			);
			runOnlyForDeploymentPostprocessing = 0;
		};
		41DD590D2C183C4B00EBAD5A /* Frameworks */ = {
			isa = PBXFrameworksBuildPhase;
			buildActionMask = 2147483647;
			files = (
			);
			runOnlyForDeploymentPostprocessing = 0;
		};
		41DD59172C183C4B00EBAD5A /* Frameworks */ = {
			isa = PBXFrameworksBuildPhase;
			buildActionMask = 2147483647;
			files = (
			);
			runOnlyForDeploymentPostprocessing = 0;
		};
/* End PBXFrameworksBuildPhase section */

/* Begin PBXGroup section */
		41DD58F22C183C4A00EBAD5A = {
			isa = PBXGroup;
			children = (
				41DD58FD2C183C4A00EBAD5A /* CoreData-Todo */,
				41DD59132C183C4B00EBAD5A /* CoreData-TodoTests */,
				41DD591D2C183C4B00EBAD5A /* CoreData-TodoUITests */,
				41DD58FC2C183C4A00EBAD5A /* Products */,
			);
			sourceTree = "<group>";
		};
		41DD58FC2C183C4A00EBAD5A /* Products */ = {
			isa = PBXGroup;
			children = (
				41DD58FB2C183C4A00EBAD5A /* CoreData-Todo.app */,
				41DD59102C183C4B00EBAD5A /* CoreData-TodoTests.xctest */,
				41DD591A2C183C4B00EBAD5A /* CoreData-TodoUITests.xctest */,
			);
			name = Products;
			sourceTree = "<group>";
		};
		41DD58FD2C183C4A00EBAD5A /* CoreData-Todo */ = {
			isa = PBXGroup;
			children = (
				41DD58FE2C183C4A00EBAD5A /* CoreData_TodoApp.swift */,
				41DD59002C183C4A00EBAD5A /* ContentView.swift */,
				41DD59022C183C4B00EBAD5A /* Assets.xcassets */,
				41DD59072C183C4B00EBAD5A /* Persistence.swift */,
				41DD59092C183C4B00EBAD5A /* CoreData_Todo.xcdatamodeld */,
				41DD59042C183C4B00EBAD5A /* Preview Content */,
			);
			path = "CoreData-Todo";
			sourceTree = "<group>";
		};
		41DD59042C183C4B00EBAD5A /* Preview Content */ = {
			isa = PBXGroup;
			children = (
				41DD59052C183C4B00EBAD5A /* Preview Assets.xcassets */,
			);
			path = "Preview Content";
			sourceTree = "<group>";
		};
		41DD59132C183C4B00EBAD5A /* CoreData-TodoTests */ = {
			isa = PBXGroup;
			children = (
				41DD59142C183C4B00EBAD5A /* CoreData_TodoTests.swift */,
			);
			path = "CoreData-TodoTests";
			sourceTree = "<group>";
		};
		41DD591D2C183C4B00EBAD5A /* CoreData-TodoUITests */ = {
			isa = PBXGroup;
			children = (
				41DD591E2C183C4B00EBAD5A /* CoreData_TodoUITests.swift */,
				41DD59202C183C4B00EBAD5A /* CoreData_TodoUITestsLaunchTests.swift */,
			);
			path = "CoreData-TodoUITests";
			sourceTree = "<group>";
		};
/* End PBXGroup section */

/* Begin PBXNativeTarget section */
		41DD58FA2C183C4A00EBAD5A /* CoreData-Todo */ = {
			isa = PBXNativeTarget;
			buildConfigurationList = 41DD59242C183C4B00EBAD5A /* Build configuration list for PBXNativeTarget "CoreData-Todo" */;
			buildPhases = (
				41DD58F72C183C4A00EBAD5A /* Sources */,
				41DD58F82C183C4A00EBAD5A /* Frameworks */,
				41DD58F92C183C4A00EBAD5A /* Resources */,
			);
			buildRules = (
			);
			dependencies = (
			);
			name = "CoreData-Todo";
			productName = "CoreData-Todo";
			productReference = 41DD58FB2C183C4A00EBAD5A /* CoreData-Todo.app */;
			productType = "com.apple.product-type.application";
		};
		41DD590F2C183C4B00EBAD5A /* CoreData-TodoTests */ = {
			isa = PBXNativeTarget;
			buildConfigurationList = 41DD59272C183C4B00EBAD5A /* Build configuration list for PBXNativeTarget "CoreData-TodoTests" */;
			buildPhases = (
				41DD590C2C183C4B00EBAD5A /* Sources */,
				41DD590D2C183C4B00EBAD5A /* Frameworks */,
				41DD590E2C183C4B00EBAD5A /* Resources */,
			);
			buildRules = (
			);
			dependencies = (
				41DD59122C183C4B00EBAD5A /* PBXTargetDependency */,
			);
			name = "CoreData-TodoTests";
			productName = "CoreData-TodoTests";
			productReference = 41DD59102C183C4B00EBAD5A /* CoreData-TodoTests.xctest */;
			productType = "com.apple.product-type.bundle.unit-test";
		};
		41DD59192C183C4B00EBAD5A /* CoreData-TodoUITests */ = {
			isa = PBXNativeTarget;
			buildConfigurationList = 41DD592A2C183C4B00EBAD5A /* Build configuration list for PBXNativeTarget "CoreData-TodoUITests" */;
			buildPhases = (
				41DD59162C183C4B00EBAD5A /* Sources */,
				41DD59172C183C4B00EBAD5A /* Frameworks */,
				41DD59182C183C4B00EBAD5A /* Resources */,
			);
			buildRules = (
			);
			dependencies = (
				41DD591C2C183C4B00EBAD5A /* PBXTargetDependency */,
			);
			name = "CoreData-TodoUITests";
			productName = "CoreData-TodoUITests";
			productReference = 41DD591A2C183C4B00EBAD5A /* CoreData-TodoUITests.xctest */;
			productType = "com.apple.product-type.bundle.ui-testing";
		};
/* End PBXNativeTarget section */

/* Begin PBXProject section */
		41DD58F32C183C4A00EBAD5A /* Project object */ = {
			isa = PBXProject;
			attributes = {
				BuildIndependentTargetsInParallel = 1;
				LastSwiftUpdateCheck = 1540;
				LastUpgradeCheck = 1540;
				TargetAttributes = {
					41DD58FA2C183C4A00EBAD5A = {
						CreatedOnToolsVersion = 15.4;
					};
					41DD590F2C183C4B00EBAD5A = {
						CreatedOnToolsVersion = 15.4;
						TestTargetID = 41DD58FA2C183C4A00EBAD5A;
					};
					41DD59192C183C4B00EBAD5A = {
						CreatedOnToolsVersion = 15.4;
						TestTargetID = 41DD58FA2C183C4A00EBAD5A;
					};
				};
			};
			buildConfigurationList = 41DD58F62C183C4A00EBAD5A /* Build configuration list for PBXProject "CoreData-Todo" */;
			compatibilityVersion = "Xcode 14.0";
			developmentRegion = en;
			hasScannedForEncodings = 0;
			knownRegions = (
				en,
				Base,
			);
			mainGroup = 41DD58F22C183C4A00EBAD5A;
			productRefGroup = 41DD58FC2C183C4A00EBAD5A /* Products */;
			projectDirPath = "";
			projectRoot = "";
			targets = (
				41DD58FA2C183C4A00EBAD5A /* CoreData-Todo */,
				41DD590F2C183C4B00EBAD5A /* CoreData-TodoTests */,
				41DD59192C183C4B00EBAD5A /* CoreData-TodoUITests */,
			);
		};
/* End PBXProject section */

/* Begin PBXResourcesBuildPhase section */
		41DD58F92C183C4A00EBAD5A /* Resources */ = {
			isa = PBXResourcesBuildPhase;
			buildActionMask = 2147483647;
			files = (
				41DD59062C183C4B00EBAD5A /* Preview Assets.xcassets in Resources */,
				41DD59032C183C4B00EBAD5A /* Assets.xcassets in Resources */,
			);
			runOnlyForDeploymentPostprocessing = 0;
		};
		41DD590E2C183C4B00EBAD5A /* Resources */ = {
			isa = PBXResourcesBuildPhase;
			buildActionMask = 2147483647;
			files = (
			);
			runOnlyForDeploymentPostprocessing = 0;
		};
		41DD59182C183C4B00EBAD5A /* Resources */ = {
			isa = PBXResourcesBuildPhase;
			buildActionMask = 2147483647;
			files = (
			);
			runOnlyForDeploymentPostprocessing = 0;
		};
/* End PBXResourcesBuildPhase section */

/* Begin PBXSourcesBuildPhase section */
		41DD58F72C183C4A00EBAD5A /* Sources */ = {
			isa = PBXSourcesBuildPhase;
			buildActionMask = 2147483647;
			files = (
				41DD59082C183C4B00EBAD5A /* Persistence.swift in Sources */,
				41DD59012C183C4A00EBAD5A /* ContentView.swift in Sources */,
				41DD590B2C183C4B00EBAD5A /* CoreData_Todo.xcdatamodeld in Sources */,
				41DD58FF2C183C4A00EBAD5A /* CoreData_TodoApp.swift in Sources */,
			);
			runOnlyForDeploymentPostprocessing = 0;
		};
		41DD590C2C183C4B00EBAD5A /* Sources */ = {
			isa = PBXSourcesBuildPhase;
			buildActionMask = 2147483647;
			files = (
				41DD59152C183C4B00EBAD5A /* CoreData_TodoTests.swift in Sources */,
			);
			runOnlyForDeploymentPostprocessing = 0;
		};
		41DD59162C183C4B00EBAD5A /* Sources */ = {
			isa = PBXSourcesBuildPhase;
			buildActionMask = 2147483647;
			files = (
				41DD591F2C183C4B00EBAD5A /* CoreData_TodoUITests.swift in Sources */,
				41DD59212C183C4B00EBAD5A /* CoreData_TodoUITestsLaunchTests.swift in Sources */,
			);
			runOnlyForDeploymentPostprocessing = 0;
		};
/* End PBXSourcesBuildPhase section */

/* Begin PBXTargetDependency section */
		41DD59122C183C4B00EBAD5A /* PBXTargetDependency */ = {
			isa = PBXTargetDependency;
			target = 41DD58FA2C183C4A00EBAD5A /* CoreData-Todo */;
			targetProxy = 41DD59112C183C4B00EBAD5A /* PBXContainerItemProxy */;
		};
		41DD591C2C183C4B00EBAD5A /* PBXTargetDependency */ = {
			isa = PBXTargetDependency;
			target = 41DD58FA2C183C4A00EBAD5A /* CoreData-Todo */;
			targetProxy = 41DD591B2C183C4B00EBAD5A /* PBXContainerItemProxy */;
		};
/* End PBXTargetDependency section */

/* Begin XCBuildConfiguration section */
		41DD59222C183C4B00EBAD5A /* Debug */ = {
			isa = XCBuildConfiguration;
			buildSettings = {
				ALWAYS_SEARCH_USER_PATHS = NO;
				ASSETCATALOG_COMPILER_GENERATE_SWIFT_ASSET_SYMBOL_EXTENSIONS = YES;
				CLANG_ANALYZER_NONNULL = YES;
				CLANG_ANALYZER_NUMBER_OBJECT_CONVERSION = YES_AGGRESSIVE;
				CLANG_CXX_LANGUAGE_STANDARD = "gnu++20";
				CLANG_ENABLE_MODULES = YES;
				CLANG_ENABLE_OBJC_ARC = YES;
				CLANG_ENABLE_OBJC_WEAK = YES;
				CLANG_WARN_BLOCK_CAPTURE_AUTORELEASING = YES;
				CLANG_WARN_BOOL_CONVERSION = YES;
				CLANG_WARN_COMMA = YES;
				CLANG_WARN_CONSTANT_CONVERSION = YES;
				CLANG_WARN_DEPRECATED_OBJC_IMPLEMENTATIONS = YES;
				CLANG_WARN_DIRECT_OBJC_ISA_USAGE = YES_ERROR;
				CLANG_WARN_DOCUMENTATION_COMMENTS = YES;
				CLANG_WARN_EMPTY_BODY = YES;
				CLANG_WARN_ENUM_CONVERSION = YES;
				CLANG_WARN_INFINITE_RECURSION = YES;
				CLANG_WARN_INT_CONVERSION = YES;
				CLANG_WARN_NON_LITERAL_NULL_CONVERSION = YES;
				CLANG_WARN_OBJC_IMPLICIT_RETAIN_SELF = YES;
				CLANG_WARN_OBJC_LITERAL_CONVERSION = YES;
				CLANG_WARN_OBJC_ROOT_CLASS = YES_ERROR;
				CLANG_WARN_QUOTED_INCLUDE_IN_FRAMEWORK_HEADER = YES;
				CLANG_WARN_RANGE_LOOP_ANALYSIS = YES;
				CLANG_WARN_STRICT_PROTOTYPES = YES;
				CLANG_WARN_SUSPICIOUS_MOVE = YES;
				CLANG_WARN_UNGUARDED_AVAILABILITY = YES_AGGRESSIVE;
				CLANG_WARN_UNREACHABLE_CODE = YES;
				CLANG_WARN__DUPLICATE_METHOD_MATCH = YES;
				COPY_PHASE_STRIP = NO;
				DEBUG_INFORMATION_FORMAT = dwarf;
				ENABLE_STRICT_OBJC_MSGSEND = YES;
				ENABLE_TESTABILITY = YES;
				ENABLE_USER_SCRIPT_SANDBOXING = YES;
				GCC_C_LANGUAGE_STANDARD = gnu17;
				GCC_DYNAMIC_NO_PIC = NO;
				GCC_NO_COMMON_BLOCKS = YES;
				GCC_OPTIMIZATION_LEVEL = 0;
				GCC_PREPROCESSOR_DEFINITIONS = (
					"DEBUG=1",
					"$(inherited)",
				);
				GCC_WARN_64_TO_32_BIT_CONVERSION = YES;
				GCC_WARN_ABOUT_RETURN_TYPE = YES_ERROR;
				GCC_WARN_UNDECLARED_SELECTOR = YES;
				GCC_WARN_UNINITIALIZED_AUTOS = YES_AGGRESSIVE;
				GCC_WARN_UNUSED_FUNCTION = YES;
				GCC_WARN_UNUSED_VARIABLE = YES;
				IPHONEOS_DEPLOYMENT_TARGET = 17.5;
				LOCALIZATION_PREFERS_STRING_CATALOGS = YES;
				MTL_ENABLE_DEBUG_INFO = INCLUDE_SOURCE;
				MTL_FAST_MATH = YES;
				ONLY_ACTIVE_ARCH = YES;
				SDKROOT = iphoneos;
				SWIFT_ACTIVE_COMPILATION_CONDITIONS = "DEBUG $(inherited)";
				SWIFT_OPTIMIZATION_LEVEL = "-Onone";
			};
			name = Debug;
		};
		41DD59232C183C4B00EBAD5A /* Release */ = {
			isa = XCBuildConfiguration;
			buildSettings = {
				ALWAYS_SEARCH_USER_PATHS = NO;
				ASSETCATALOG_COMPILER_GENERATE_SWIFT_ASSET_SYMBOL_EXTENSIONS = YES;
				CLANG_ANALYZER_NONNULL = YES;
				CLANG_ANALYZER_NUMBER_OBJECT_CONVERSION = YES_AGGRESSIVE;
				CLANG_CXX_LANGUAGE_STANDARD = "gnu++20";
				CLANG_ENABLE_MODULES = YES;
				CLANG_ENABLE_OBJC_ARC = YES;
				CLANG_ENABLE_OBJC_WEAK = YES;
				CLANG_WARN_BLOCK_CAPTURE_AUTORELEASING = YES;
				CLANG_WARN_BOOL_CONVERSION = YES;
				CLANG_WARN_COMMA = YES;
				CLANG_WARN_CONSTANT_CONVERSION = YES;
				CLANG_WARN_DEPRECATED_OBJC_IMPLEMENTATIONS = YES;
				CLANG_WARN_DIRECT_OBJC_ISA_USAGE = YES_ERROR;
				CLANG_WARN_DOCUMENTATION_COMMENTS = YES;
				CLANG_WARN_EMPTY_BODY = YES;
				CLANG_WARN_ENUM_CONVERSION = YES;
				CLANG_WARN_INFINITE_RECURSION = YES;
				CLANG_WARN_INT_CONVERSION = YES;
				CLANG_WARN_NON_LITERAL_NULL_CONVERSION = YES;
				CLANG_WARN_OBJC_IMPLICIT_RETAIN_SELF = YES;
				CLANG_WARN_OBJC_LITERAL_CONVERSION = YES;
				CLANG_WARN_OBJC_ROOT_CLASS = YES_ERROR;
				CLANG_WARN_QUOTED_INCLUDE_IN_FRAMEWORK_HEADER = YES;
				CLANG_WARN_RANGE_LOOP_ANALYSIS = YES;
				CLANG_WARN_STRICT_PROTOTYPES = YES;
				CLANG_WARN_SUSPICIOUS_MOVE = YES;
				CLANG_WARN_UNGUARDED_AVAILABILITY = YES_AGGRESSIVE;
				CLANG_WARN_UNREACHABLE_CODE = YES;
				CLANG_WARN__DUPLICATE_METHOD_MATCH = YES;
				COPY_PHASE_STRIP = NO;
				DEBUG_INFORMATION_FORMAT = "dwarf-with-dsym";
				ENABLE_NS_ASSERTIONS = NO;
				ENABLE_STRICT_OBJC_MSGSEND = YES;
				ENABLE_USER_SCRIPT_SANDBOXING = YES;
				GCC_C_LANGUAGE_STANDARD = gnu17;
				GCC_NO_COMMON_BLOCKS = YES;
				GCC_WARN_64_TO_32_BIT_CONVERSION = YES;
				GCC_WARN_ABOUT_RETURN_TYPE = YES_ERROR;
				GCC_WARN_UNDECLARED_SELECTOR = YES;
				GCC_WARN_UNINITIALIZED_AUTOS = YES_AGGRESSIVE;
				GCC_WARN_UNUSED_FUNCTION = YES;
				GCC_WARN_UNUSED_VARIABLE = YES;
				IPHONEOS_DEPLOYMENT_TARGET = 17.5;
				LOCALIZATION_PREFERS_STRING_CATALOGS = YES;
				MTL_ENABLE_DEBUG_INFO = NO;
				MTL_FAST_MATH = YES;
				SDKROOT = iphoneos;
				SWIFT_COMPILATION_MODE = wholemodule;
				VALIDATE_PRODUCT = YES;
			};
			name = Release;
		};
		41DD59252C183C4B00EBAD5A /* Debug */ = {
			isa = XCBuildConfiguration;
			buildSettings = {
				ASSETCATALOG_COMPILER_APPICON_NAME = AppIcon;
				ASSETCATALOG_COMPILER_GLOBAL_ACCENT_COLOR_NAME = AccentColor;
				CODE_SIGN_STYLE = Automatic;
				CURRENT_PROJECT_VERSION = 1;
				DEVELOPMENT_ASSET_PATHS = "\"CoreData-Todo/Preview Content\"";
				DEVELOPMENT_TEAM = BM7N6A3969;
				ENABLE_PREVIEWS = YES;
				GENERATE_INFOPLIST_FILE = YES;
				INFOPLIST_KEY_UIApplicationSceneManifest_Generation = YES;
				INFOPLIST_KEY_UIApplicationSupportsIndirectInputEvents = YES;
				INFOPLIST_KEY_UILaunchScreen_Generation = YES;
				INFOPLIST_KEY_UISupportedInterfaceOrientations_iPad = "UIInterfaceOrientationPortrait UIInterfaceOrientationPortraitUpsideDown UIInterfaceOrientationLandscapeLeft UIInterfaceOrientationLandscapeRight";
				INFOPLIST_KEY_UISupportedInterfaceOrientations_iPhone = "UIInterfaceOrientationPortrait UIInterfaceOrientationLandscapeLeft UIInterfaceOrientationLandscapeRight";
				LD_RUNPATH_SEARCH_PATHS = (
					"$(inherited)",
					"@executable_path/Frameworks",
				);
				MARKETING_VERSION = 1.0;
				PRODUCT_BUNDLE_IDENTIFIER = "shinhyuk.CoreData-Todo";
				PRODUCT_NAME = "$(TARGET_NAME)";
				SWIFT_EMIT_LOC_STRINGS = YES;
				SWIFT_VERSION = 5.0;
				TARGETED_DEVICE_FAMILY = "1,2";
			};
			name = Debug;
		};
		41DD59262C183C4B00EBAD5A /* Release */ = {
			isa = XCBuildConfiguration;
			buildSettings = {
				ASSETCATALOG_COMPILER_APPICON_NAME = AppIcon;
				ASSETCATALOG_COMPILER_GLOBAL_ACCENT_COLOR_NAME = AccentColor;
				CODE_SIGN_STYLE = Automatic;
				CURRENT_PROJECT_VERSION = 1;
				DEVELOPMENT_ASSET_PATHS = "\"CoreData-Todo/Preview Content\"";
				DEVELOPMENT_TEAM = BM7N6A3969;
				ENABLE_PREVIEWS = YES;
				GENERATE_INFOPLIST_FILE = YES;
				INFOPLIST_KEY_UIApplicationSceneManifest_Generation = YES;
				INFOPLIST_KEY_UIApplicationSupportsIndirectInputEvents = YES;
				INFOPLIST_KEY_UILaunchScreen_Generation = YES;
				INFOPLIST_KEY_UISupportedInterfaceOrientations_iPad = "UIInterfaceOrientationPortrait UIInterfaceOrientationPortraitUpsideDown UIInterfaceOrientationLandscapeLeft UIInterfaceOrientationLandscapeRight";
				INFOPLIST_KEY_UISupportedInterfaceOrientations_iPhone = "UIInterfaceOrientationPortrait UIInterfaceOrientationLandscapeLeft UIInterfaceOrientationLandscapeRight";
				LD_RUNPATH_SEARCH_PATHS = (
					"$(inherited)",
					"@executable_path/Frameworks",
				);
				MARKETING_VERSION = 1.0;
				PRODUCT_BUNDLE_IDENTIFIER = "shinhyuk.CoreData-Todo";
				PRODUCT_NAME = "$(TARGET_NAME)";
				SWIFT_EMIT_LOC_STRINGS = YES;
				SWIFT_VERSION = 5.0;
				TARGETED_DEVICE_FAMILY = "1,2";
			};
			name = Release;
		};
		41DD59282C183C4B00EBAD5A /* Debug */ = {
			isa = XCBuildConfiguration;
			buildSettings = {
				ALWAYS_EMBED_SWIFT_STANDARD_LIBRARIES = YES;
				BUNDLE_LOADER = "$(TEST_HOST)";
				CODE_SIGN_STYLE = Automatic;
				CURRENT_PROJECT_VERSION = 1;
				DEVELOPMENT_TEAM = BM7N6A3969;
				GENERATE_INFOPLIST_FILE = YES;
				IPHONEOS_DEPLOYMENT_TARGET = 17.5;
				MARKETING_VERSION = 1.0;
				PRODUCT_BUNDLE_IDENTIFIER = "shinhyuk.CoreData-TodoTests";
				PRODUCT_NAME = "$(TARGET_NAME)";
				SWIFT_EMIT_LOC_STRINGS = NO;
				SWIFT_VERSION = 5.0;
				TARGETED_DEVICE_FAMILY = "1,2";
				TEST_HOST = "$(BUILT_PRODUCTS_DIR)/CoreData-Todo.app/$(BUNDLE_EXECUTABLE_FOLDER_PATH)/CoreData-Todo";
			};
			name = Debug;
		};
		41DD59292C183C4B00EBAD5A /* Release */ = {
			isa = XCBuildConfiguration;
			buildSettings = {
				ALWAYS_EMBED_SWIFT_STANDARD_LIBRARIES = YES;
				BUNDLE_LOADER = "$(TEST_HOST)";
				CODE_SIGN_STYLE = Automatic;
				CURRENT_PROJECT_VERSION = 1;
				DEVELOPMENT_TEAM = BM7N6A3969;
				GENERATE_INFOPLIST_FILE = YES;
				IPHONEOS_DEPLOYMENT_TARGET = 17.5;
				MARKETING_VERSION = 1.0;
				PRODUCT_BUNDLE_IDENTIFIER = "shinhyuk.CoreData-TodoTests";
				PRODUCT_NAME = "$(TARGET_NAME)";
				SWIFT_EMIT_LOC_STRINGS = NO;
				SWIFT_VERSION = 5.0;
				TARGETED_DEVICE_FAMILY = "1,2";
				TEST_HOST = "$(BUILT_PRODUCTS_DIR)/CoreData-Todo.app/$(BUNDLE_EXECUTABLE_FOLDER_PATH)/CoreData-Todo";
			};
			name = Release;
		};
		41DD592B2C183C4B00EBAD5A /* Debug */ = {
			isa = XCBuildConfiguration;
			buildSettings = {
				ALWAYS_EMBED_SWIFT_STANDARD_LIBRARIES = YES;
				CODE_SIGN_STYLE = Automatic;
				CURRENT_PROJECT_VERSION = 1;
				DEVELOPMENT_TEAM = BM7N6A3969;
				GENERATE_INFOPLIST_FILE = YES;
				MARKETING_VERSION = 1.0;
				PRODUCT_BUNDLE_IDENTIFIER = "shinhyuk.CoreData-TodoUITests";
				PRODUCT_NAME = "$(TARGET_NAME)";
				SWIFT_EMIT_LOC_STRINGS = NO;
				SWIFT_VERSION = 5.0;
				TARGETED_DEVICE_FAMILY = "1,2";
				TEST_TARGET_NAME = "CoreData-Todo";
			};
			name = Debug;
		};
		41DD592C2C183C4B00EBAD5A /* Release */ = {
			isa = XCBuildConfiguration;
			buildSettings = {
				ALWAYS_EMBED_SWIFT_STANDARD_LIBRARIES = YES;
				CODE_SIGN_STYLE = Automatic;
				CURRENT_PROJECT_VERSION = 1;
				DEVELOPMENT_TEAM = BM7N6A3969;
				GENERATE_INFOPLIST_FILE = YES;
				MARKETING_VERSION = 1.0;
				PRODUCT_BUNDLE_IDENTIFIER = "shinhyuk.CoreData-TodoUITests";
				PRODUCT_NAME = "$(TARGET_NAME)";
				SWIFT_EMIT_LOC_STRINGS = NO;
				SWIFT_VERSION = 5.0;
				TARGETED_DEVICE_FAMILY = "1,2";
				TEST_TARGET_NAME = "CoreData-Todo";
			};
			name = Release;
		};
/* End XCBuildConfiguration section */

/* Begin XCConfigurationList section */
		41DD58F62C183C4A00EBAD5A /* Build configuration list for PBXProject "CoreData-Todo" */ = {
			isa = XCConfigurationList;
			buildConfigurations = (
				41DD59222C183C4B00EBAD5A /* Debug */,
				41DD59232C183C4B00EBAD5A /* Release */,
			);
			defaultConfigurationIsVisible = 0;
			defaultConfigurationName = Release;
		};
		41DD59242C183C4B00EBAD5A /* Build configuration list for PBXNativeTarget "CoreData-Todo" */ = {
			isa = XCConfigurationList;
			buildConfigurations = (
				41DD59252C183C4B00EBAD5A /* Debug */,
				41DD59262C183C4B00EBAD5A /* Release */,
			);
			defaultConfigurationIsVisible = 0;
			defaultConfigurationName = Release;
		};
		41DD59272C183C4B00EBAD5A /* Build configuration list for PBXNativeTarget "CoreData-TodoTests" */ = {
			isa = XCConfigurationList;
			buildConfigurations = (
				41DD59282C183C4B00EBAD5A /* Debug */,
				41DD59292C183C4B00EBAD5A /* Release */,
			);
			defaultConfigurationIsVisible = 0;
			defaultConfigurationName = Release;
		};
		41DD592A2C183C4B00EBAD5A /* Build configuration list for PBXNativeTarget "CoreData-TodoUITests" */ = {
			isa = XCConfigurationList;
			buildConfigurations = (
				41DD592B2C183C4B00EBAD5A /* Debug */,
				41DD592C2C183C4B00EBAD5A /* Release */,
			);
			defaultConfigurationIsVisible = 0;
			defaultConfigurationName = Release;
		};
/* End XCConfigurationList section */

/* Begin XCVersionGroup section */
		41DD59092C183C4B00EBAD5A /* CoreData_Todo.xcdatamodeld */ = {
			isa = XCVersionGroup;
			children = (
				41DD590A2C183C4B00EBAD5A /* CoreData_Todo.xcdatamodel */,
			);
			currentVersion = 41DD590A2C183C4B00EBAD5A /* CoreData_Todo.xcdatamodel */;
			path = CoreData_Todo.xcdatamodeld;
			sourceTree = "<group>";
			versionGroupType = wrapper.xcdatamodel;
		};
/* End XCVersionGroup section */
	};
	rootObject = 41DD58F32C183C4A00EBAD5A /* Project object */;
}
